
Microsoft Visual Studio Solution File, Format Version 12.00
# Visual Studio 15
VisualStudioVersion = 15.0.27428.2037
MinimumVisualStudioVersion = 10.0.40219.1
Project("{FAE04EC0-301F-11D3-BF4B-00C04F79EFBC}") = "OdysseyClient", "OdysseyClient\OdysseyClient.csproj", "{74399079-DE48-4D9C-8AEF-1D4D20BFEACB}"
EndProject
Global
	GlobalSection(SolutionConfigurationPlatforms) = preSolution
		Debug|Any CPU = Debug|Any CPU
		Release|Any CPU = Release|Any CPU
	EndGlobalSection
	GlobalSection(ProjectConfigurationPlatforms) = postSolution
		{74399079-DE48-4D9C-8AEF-1D4D20BFEACB}.Debug|Any CPU.ActiveCfg = Debug|Any CPU
		{74399079-DE48-4D9C-8AEF-1D4D20BFEACB}.Debug|Any CPU.Build.0 = Debug|Any CPU
		{74399079-DE48-4D9C-8AEF-1D4D20BFEACB}.Release|Any CPU.ActiveCfg = Release|Any CPU
		{74399079-DE48-4D9C-8AEF-1D4D20BFEACB}.Release|Any CPU.Build.0 = Release|Any CPU
	EndGlobalSection
	GlobalSection(SolutionProperties) = preSolution
		HideSolutionNode = FALSE
	EndGlobalSection
	GlobalSection(ExtensibilityGlobals) = postSolution
		SolutionGuid = {EE8BB138-53A1-4E38-8FBA-9DF18D5A6BAC}
	EndGlobalSection
EndGlobal
